
Microsoft Visual Studio Solution File, Format Version 12.00
# Visual Studio Version 17
VisualStudioVersion = 17.7.34031.279
MinimumVisualStudioVersion = 10.0.40219.1
Project("{FAE04EC0-301F-11D3-BF4B-00C04F79EFBC}") = "WebjokesApp", "WebjokesApp\WebjokesApp.csproj", "{96FF43FD-BA9C-4F1F-AA1C-A41626667B1C}"
EndProject
Global
	GlobalSection(SolutionConfigurationPlatforms) = preSolution
		Debug|Any CPU = Debug|Any CPU
		Release|Any CPU = Release|Any CPU
	EndGlobalSection
	GlobalSection(ProjectConfigurationPlatforms) = postSolution
		{96FF43FD-BA9C-4F1F-AA1C-A41626667B1C}.Debug|Any CPU.ActiveCfg = Debug|Any CPU
		{96FF43FD-BA9C-4F1F-AA1C-A41626667B1C}.Debug|Any CPU.Build.0 = Debug|Any CPU
		{96FF43FD-BA9C-4F1F-AA1C-A41626667B1C}.Release|Any CPU.ActiveCfg = Release|Any CPU
		{96FF43FD-BA9C-4F1F-AA1C-A41626667B1C}.Release|Any CPU.Build.0 = Release|Any CPU
	EndGlobalSection
	GlobalSection(SolutionProperties) = preSolution
		HideSolutionNode = FALSE
	EndGlobalSection
	GlobalSection(ExtensibilityGlobals) = postSolution
		SolutionGuid = {29374D3C-D4CB-4D12-8889-15871F9F1692}
	EndGlobalSection
EndGlobal
